
Microsoft Visual Studio Solution File, Format Version 12.00
# Visual Studio Version 17
VisualStudioVersion = 17.6.33815.320
MinimumVisualStudioVersion = 10.0.40219.1
Project("{9A19103F-16F7-4668-BE54-9A1E7A4F7556}") = "SekChallenge.API", "SekChallenge.API\SekChallenge.API.csproj", "{B6BC4A16-11CF-4829-B54C-BC4E24977884}"
EndProject
Project("{FAE04EC0-301F-11D3-BF4B-00C04F79EFBC}") = "SekChallengeJob", "SekChallengeJob\SekChallengeJob.csproj", "{22739030-2956-41F5-AA1A-2523D5818AA8}"
EndProject
Global
	GlobalSection(SolutionConfigurationPlatforms) = preSolution
		Debug|Any CPU = Debug|Any CPU
		Release|Any CPU = Release|Any CPU
	EndGlobalSection
	GlobalSection(ProjectConfigurationPlatforms) = postSolution
		{B6BC4A16-11CF-4829-B54C-BC4E24977884}.Debug|Any CPU.ActiveCfg = Debug|Any CPU
		{B6BC4A16-11CF-4829-B54C-BC4E24977884}.Debug|Any CPU.Build.0 = Debug|Any CPU
		{B6BC4A16-11CF-4829-B54C-BC4E24977884}.Release|Any CPU.ActiveCfg = Release|Any CPU
		{B6BC4A16-11CF-4829-B54C-BC4E24977884}.Release|Any CPU.Build.0 = Release|Any CPU
		{22739030-2956-41F5-AA1A-2523D5818AA8}.Debug|Any CPU.ActiveCfg = Debug|Any CPU
		{22739030-2956-41F5-AA1A-2523D5818AA8}.Debug|Any CPU.Build.0 = Debug|Any CPU
		{22739030-2956-41F5-AA1A-2523D5818AA8}.Release|Any CPU.ActiveCfg = Release|Any CPU
		{22739030-2956-41F5-AA1A-2523D5818AA8}.Release|Any CPU.Build.0 = Release|Any CPU
	EndGlobalSection
	GlobalSection(SolutionProperties) = preSolution
		HideSolutionNode = FALSE
	EndGlobalSection
	GlobalSection(ExtensibilityGlobals) = postSolution
		SolutionGuid = {E2F785AC-89B0-4091-8BC2-9C38860ED37F}
	EndGlobalSection
EndGlobal
